{
  "version": 4,
  "terraform_version": "1.5.7",
  "serial": 16,
  "lineage": "3bae3894-ca02-b962-52e9-e0c27657de87",
  "outputs": {
    "api_endpoint": {
      "value": "gradebeeyyrcvjep-gradebee-api.functions.fnc.fr-par.scw.cloud",
      "type": "string"
    },
    "frontend_bucket_endpoint": {
      "value": "gradebee-frontend.s3-website.fr-par.scw.cloud",
      "type": "string"
    }
  },
  "resources": [
    {
      "mode": "managed",
      "type": "scaleway_function",
      "name": "api",
      "provider": "provider[\"registry.terraform.io/scaleway/scaleway\"]",
      "instances": [
        {
          "schema_version": 0,
          "attributes": {
            "cpu_limit": 140,
            "deploy": true,
            "description": "",
            "domain_name": "gradebeeyyrcvjep-gradebee-api.functions.fnc.fr-par.scw.cloud",
            "environment_variables": null,
            "handler": "Handle",
            "http_option": "enabled",
            "id": "fr-par/61fc6d51-4606-4afa-b020-162ace058eca",
            "max_scale": 5,
            "memory_limit": 256,
            "min_scale": 0,
            "name": "gradebee-api",
            "namespace_id": "3873036f-3a12-4154-abdf-d54a24586658",
            "organization_id": null,
            "privacy": "public",
            "private_network_id": "",
            "project_id": null,
            "region": "fr-par",
            "runtime": "go124",
            "sandbox": "v2",
            "secret_environment_variables": null,
            "tags": null,
            "timeout": 30,
            "timeouts": null,
            "zip_file": "./../dist/functions/backend.zip",
            "zip_hash": "bd0f62eeeeb05cd2d4c8b043aaee0592d5f0f1afee7400a216838705d0af4c6a"
          },
          "sensitive_attributes": [],
          "private": "eyJlMmJmYjczMC1lY2FhLTExZTYtOGY4OC0zNDM2M2JjN2M0YzAiOnsiY3JlYXRlIjo5MDAwMDAwMDAwMDAsImRlZmF1bHQiOjkwMDAwMDAwMDAwMCwiZGVsZXRlIjo5MDAwMDAwMDAwMDAsInJlYWQiOjkwMDAwMDAwMDAwMCwidXBkYXRlIjo5MDAwMDAwMDAwMDB9fQ==",
          "dependencies": [
            "scaleway_function_namespace.gradebee"
          ]
        }
      ]
    },
    {
      "mode": "managed",
      "type": "scaleway_function_namespace",
      "name": "gradebee",
      "provider": "provider[\"registry.terraform.io/scaleway/scaleway\"]",
      "instances": [
        {
          "schema_version": 0,
          "attributes": {
            "activate_vpc_integration": true,
            "description": "",
            "environment_variables": {
              "ALLOWED_ORIGIN": "https://gradebee.f1code.com"
            },
            "id": "fr-par/3873036f-3a12-4154-abdf-d54a24586658",
            "name": "gradebee",
            "organization_id": "90dbd901-5b3d-4e6a-a911-76eaae717d83",
            "project_id": "70471fdd-313d-4121-8c35-4e550886d3bc",
            "region": "fr-par",
            "registry_endpoint": "rg.fr-par.scw.cloud/funcscwgradebeeyyrcvjep",
            "registry_namespace_id": "851219ab-673c-4b3e-88b4-b7aff34a99d0",
            "secret_environment_variables": {
              "CLERK_SECRET_KEY": "$argon2id$v=19$m=65536,t=1,p=2$nGX7BihMJmQwft37U4IDVQ$b+6WYsUo/Jri/gP+4DvEe++DP0chTvXkdUDgdIOpDSU"
            },
            "tags": null,
            "timeouts": null
          },
          "sensitive_attributes": [
            [
              {
                "type": "get_attr",
                "value": "secret_environment_variables"
              },
              {
                "type": "index",
                "value": {
                  "value": "CLERK_SECRET_KEY",
                  "type": "string"
                }
              }
            ]
          ],
          "private": "eyJlMmJmYjczMC1lY2FhLTExZTYtOGY4OC0zNDM2M2JjN2M0YzAiOnsiY3JlYXRlIjozMDAwMDAwMDAwMDAsImRlZmF1bHQiOjMwMDAwMDAwMDAwMCwiZGVsZXRlIjozMDAwMDAwMDAwMDAsInJlYWQiOjMwMDAwMDAwMDAwMCwidXBkYXRlIjozMDAwMDAwMDAwMDB9fQ=="
        }
      ]
    },
    {
      "mode": "managed",
      "type": "scaleway_object_bucket",
      "name": "frontend",
      "provider": "provider[\"registry.terraform.io/scaleway/scaleway\"]",
      "instances": [
        {
          "schema_version": 0,
          "attributes": {
            "acl": "private",
            "api_endpoint": "https://s3.fr-par.scw.cloud",
            "cors_rule": [],
            "endpoint": "https://gradebee-frontend.s3.fr-par.scw.cloud",
            "force_destroy": false,
            "id": "fr-par/gradebee-frontend",
            "lifecycle_rule": [],
            "name": "gradebee-frontend",
            "object_lock_enabled": false,
            "project_id": "90dbd901-5b3d-4e6a-a911-76eaae717d83",
            "region": "fr-par",
            "tags": {},
            "timeouts": null,
            "versioning": [
              {
                "enabled": false
              }
            ]
          },
          "sensitive_attributes": [],
          "private": "eyJlMmJmYjczMC1lY2FhLTExZTYtOGY4OC0zNDM2M2JjN2M0YzAiOnsiY3JlYXRlIjo2MDAwMDAwMDAwMDAsImRlZmF1bHQiOjYwMDAwMDAwMDAwMCwiZGVsZXRlIjo2MDAwMDAwMDAwMDAsInJlYWQiOjYwMDAwMDAwMDAwMCwidXBkYXRlIjo2MDAwMDAwMDAwMDB9fQ=="
        }
      ]
    },
    {
      "mode": "managed",
      "type": "scaleway_object_bucket_website_configuration",
      "name": "frontend",
      "provider": "provider[\"registry.terraform.io/scaleway/scaleway\"]",
      "instances": [
        {
          "schema_version": 0,
          "attributes": {
            "bucket": "gradebee-frontend",
            "error_document": [
              {
                "key": "index.html"
              }
            ],
            "id": "fr-par/gradebee-frontend",
            "index_document": [
              {
                "suffix": "index.html"
              }
            ],
            "project_id": "90dbd901-5b3d-4e6a-a911-76eaae717d83",
            "region": null,
            "website_domain": "s3-website.fr-par.scw.cloud",
            "website_endpoint": "gradebee-frontend.s3-website.fr-par.scw.cloud"
          },
          "sensitive_attributes": [],
          "private": "bnVsbA==",
          "dependencies": [
            "scaleway_object_bucket.frontend"
          ]
        }
      ]
    }
  ],
  "check_results": null
}
